
Microsoft Visual Studio Solution File, Format Version 12.00
# Visual Studio 15
VisualStudioVersion = 15.0.26430.16
MinimumVisualStudioVersion = 10.0.40219.1
Project("{FAE04EC0-301F-11D3-BF4B-00C04F79EFBC}") = "Model", "..\..\..\Javier\Pizzeria\PruebaConceptoAutenticacion\Model\Model.csproj", "{2E46C170-2305-4C96-8EE6-9974792C62CC}"
EndProject
Project("{FAE04EC0-301F-11D3-BF4B-00C04F79EFBC}") = "Services", "..\..\..\Javier\Pizzeria\PruebaConceptoAutenticacion\Services\Services.csproj", "{0DC5888E-364F-4954-A1C8-7A7E206A3F21}"
EndProject
Project("{FAE04EC0-301F-11D3-BF4B-00C04F79EFBC}") = "Infraestructures", "..\..\..\Javier\Pizzeria\PruebaConceptoAutenticacion\Infraestructures\Infraestructures.csproj", "{6B4F2137-A170-4702-8A7C-412A9F211004}"
EndProject
Project("{FAE04EC0-301F-11D3-BF4B-00C04F79EFBC}") = "REST", "..\..\..\Javier\Pizzeria\PruebaConceptoAutenticacion\API_REST\REST.csproj", "{F06E1223-D534-4449-9E8D-7DFFF7D3542B}"
EndProject
Project("{FAE04EC0-301F-11D3-BF4B-00C04F79EFBC}") = "Core", "Core\Core.csproj", "{658AA278-25D8-49F4-85AD-1B7371AAC6A0}"
EndProject
Global
	GlobalSection(SolutionConfigurationPlatforms) = preSolution
		Debug|Any CPU = Debug|Any CPU
		Release|Any CPU = Release|Any CPU
	EndGlobalSection
	GlobalSection(ProjectConfigurationPlatforms) = postSolution
		{2E46C170-2305-4C96-8EE6-9974792C62CC}.Debug|Any CPU.ActiveCfg = Debug|Any CPU
		{2E46C170-2305-4C96-8EE6-9974792C62CC}.Debug|Any CPU.Build.0 = Debug|Any CPU
		{2E46C170-2305-4C96-8EE6-9974792C62CC}.Release|Any CPU.ActiveCfg = Release|Any CPU
		{2E46C170-2305-4C96-8EE6-9974792C62CC}.Release|Any CPU.Build.0 = Release|Any CPU
		{0DC5888E-364F-4954-A1C8-7A7E206A3F21}.Debug|Any CPU.ActiveCfg = Debug|Any CPU
		{0DC5888E-364F-4954-A1C8-7A7E206A3F21}.Debug|Any CPU.Build.0 = Debug|Any CPU
		{0DC5888E-364F-4954-A1C8-7A7E206A3F21}.Release|Any CPU.ActiveCfg = Release|Any CPU
		{0DC5888E-364F-4954-A1C8-7A7E206A3F21}.Release|Any CPU.Build.0 = Release|Any CPU
		{6B4F2137-A170-4702-8A7C-412A9F211004}.Debug|Any CPU.ActiveCfg = Debug|Any CPU
		{6B4F2137-A170-4702-8A7C-412A9F211004}.Debug|Any CPU.Build.0 = Debug|Any CPU
		{6B4F2137-A170-4702-8A7C-412A9F211004}.Release|Any CPU.ActiveCfg = Release|Any CPU
		{6B4F2137-A170-4702-8A7C-412A9F211004}.Release|Any CPU.Build.0 = Release|Any CPU
		{F06E1223-D534-4449-9E8D-7DFFF7D3542B}.Debug|Any CPU.ActiveCfg = Debug|Any CPU
		{F06E1223-D534-4449-9E8D-7DFFF7D3542B}.Debug|Any CPU.Build.0 = Debug|Any CPU
		{F06E1223-D534-4449-9E8D-7DFFF7D3542B}.Release|Any CPU.ActiveCfg = Release|Any CPU
		{F06E1223-D534-4449-9E8D-7DFFF7D3542B}.Release|Any CPU.Build.0 = Release|Any CPU
		{658AA278-25D8-49F4-85AD-1B7371AAC6A0}.Debug|Any CPU.ActiveCfg = Debug|Any CPU
		{658AA278-25D8-49F4-85AD-1B7371AAC6A0}.Debug|Any CPU.Build.0 = Debug|Any CPU
		{658AA278-25D8-49F4-85AD-1B7371AAC6A0}.Release|Any CPU.ActiveCfg = Release|Any CPU
		{658AA278-25D8-49F4-85AD-1B7371AAC6A0}.Release|Any CPU.Build.0 = Release|Any CPU
	EndGlobalSection
	GlobalSection(SolutionProperties) = preSolution
		HideSolutionNode = FALSE
	EndGlobalSection
EndGlobal
