
Microsoft Visual Studio Solution File, Format Version 12.00
# Visual Studio 15
VisualStudioVersion = 15.0.26430.16
MinimumVisualStudioVersion = 10.0.40219.1
Project("{FAE04EC0-301F-11D3-BF4B-00C04F79EFBC}") = "Model", "Model\Model.csproj", "{2E46C170-2305-4C96-8EE6-9974792C62CC}"
EndProject
Project("{FAE04EC0-301F-11D3-BF4B-00C04F79EFBC}") = "Infraestructures", "Infraestructures\Infraestructures.csproj", "{6B4F2137-A170-4702-8A7C-412A9F211004}"
EndProject
Project("{FAE04EC0-301F-11D3-BF4B-00C04F79EFBC}") = "Services", "Services\Services.csproj", "{0DC5888E-364F-4954-A1C8-7A7E206A3F21}"
EndProject
Project("{FAE04EC0-301F-11D3-BF4B-00C04F79EFBC}") = "Core", "Core\Core.csproj", "{6B4DEB46-5C65-4FEA-ADC5-571FF9CA61C9}"
EndProject
Project("{FAE04EC0-301F-11D3-BF4B-00C04F79EFBC}") = "REST", "REST\REST.csproj", "{B989AB27-0F77-4FED-ADF2-87DED39E2E66}"
EndProject
Global
	GlobalSection(SolutionConfigurationPlatforms) = preSolution
		Debug|Any CPU = Debug|Any CPU
		Release|Any CPU = Release|Any CPU
	EndGlobalSection
	GlobalSection(ProjectConfigurationPlatforms) = postSolution
		{2E46C170-2305-4C96-8EE6-9974792C62CC}.Debug|Any CPU.ActiveCfg = Debug|Any CPU
		{2E46C170-2305-4C96-8EE6-9974792C62CC}.Debug|Any CPU.Build.0 = Debug|Any CPU
		{2E46C170-2305-4C96-8EE6-9974792C62CC}.Release|Any CPU.ActiveCfg = Release|Any CPU
		{2E46C170-2305-4C96-8EE6-9974792C62CC}.Release|Any CPU.Build.0 = Release|Any CPU
		{6B4F2137-A170-4702-8A7C-412A9F211004}.Debug|Any CPU.ActiveCfg = Debug|Any CPU
		{6B4F2137-A170-4702-8A7C-412A9F211004}.Debug|Any CPU.Build.0 = Debug|Any CPU
		{6B4F2137-A170-4702-8A7C-412A9F211004}.Release|Any CPU.ActiveCfg = Release|Any CPU
		{6B4F2137-A170-4702-8A7C-412A9F211004}.Release|Any CPU.Build.0 = Release|Any CPU
		{0DC5888E-364F-4954-A1C8-7A7E206A3F21}.Debug|Any CPU.ActiveCfg = Debug|Any CPU
		{0DC5888E-364F-4954-A1C8-7A7E206A3F21}.Debug|Any CPU.Build.0 = Debug|Any CPU
		{0DC5888E-364F-4954-A1C8-7A7E206A3F21}.Release|Any CPU.ActiveCfg = Release|Any CPU
		{0DC5888E-364F-4954-A1C8-7A7E206A3F21}.Release|Any CPU.Build.0 = Release|Any CPU
		{6B4DEB46-5C65-4FEA-ADC5-571FF9CA61C9}.Debug|Any CPU.ActiveCfg = Debug|Any CPU
		{6B4DEB46-5C65-4FEA-ADC5-571FF9CA61C9}.Debug|Any CPU.Build.0 = Debug|Any CPU
		{6B4DEB46-5C65-4FEA-ADC5-571FF9CA61C9}.Release|Any CPU.ActiveCfg = Release|Any CPU
		{6B4DEB46-5C65-4FEA-ADC5-571FF9CA61C9}.Release|Any CPU.Build.0 = Release|Any CPU
		{B989AB27-0F77-4FED-ADF2-87DED39E2E66}.Debug|Any CPU.ActiveCfg = Debug|Any CPU
		{B989AB27-0F77-4FED-ADF2-87DED39E2E66}.Debug|Any CPU.Build.0 = Debug|Any CPU
		{B989AB27-0F77-4FED-ADF2-87DED39E2E66}.Release|Any CPU.ActiveCfg = Release|Any CPU
		{B989AB27-0F77-4FED-ADF2-87DED39E2E66}.Release|Any CPU.Build.0 = Release|Any CPU
	EndGlobalSection
	GlobalSection(SolutionProperties) = preSolution
		HideSolutionNode = FALSE
	EndGlobalSection
	GlobalSection(ExtensibilityGlobals) = postSolution
		SolutionGuid = {27479093-BB00-4B33-9F33-27B2ECA5EDB8}
	EndGlobalSection
EndGlobal
